
Microsoft Visual Studio Solution File, Format Version 12.00
# Visual Studio Version 17
VisualStudioVersion = 17.1.32210.238
MinimumVisualStudioVersion = 10.0.40219.1
Project("{FAE04EC0-301F-11D3-BF4B-00C04F79EFBC}") = "sie2sru.cli", "sie2sru.cli\sie2sru.cli.csproj", "{BB318269-4F0E-4172-B213-CF010BA95324}"
EndProject
Project("{FAE04EC0-301F-11D3-BF4B-00C04F79EFBC}") = "sie2sru.core", "sie2sru.core\sie2sru.core.csproj", "{3EFEB320-C819-45CC-B3C8-0B3CD0EE04BD}"
EndProject
Global
	GlobalSection(SolutionConfigurationPlatforms) = preSolution
		Debug|Any CPU = Debug|Any CPU
		Release|Any CPU = Release|Any CPU
	EndGlobalSection
	GlobalSection(ProjectConfigurationPlatforms) = postSolution
		{BB318269-4F0E-4172-B213-CF010BA95324}.Debug|Any CPU.ActiveCfg = Debug|Any CPU
		{BB318269-4F0E-4172-B213-CF010BA95324}.Debug|Any CPU.Build.0 = Debug|Any CPU
		{BB318269-4F0E-4172-B213-CF010BA95324}.Release|Any CPU.ActiveCfg = Release|Any CPU
		{BB318269-4F0E-4172-B213-CF010BA95324}.Release|Any CPU.Build.0 = Release|Any CPU
		{3EFEB320-C819-45CC-B3C8-0B3CD0EE04BD}.Debug|Any CPU.ActiveCfg = Debug|Any CPU
		{3EFEB320-C819-45CC-B3C8-0B3CD0EE04BD}.Debug|Any CPU.Build.0 = Debug|Any CPU
		{3EFEB320-C819-45CC-B3C8-0B3CD0EE04BD}.Release|Any CPU.ActiveCfg = Release|Any CPU
		{3EFEB320-C819-45CC-B3C8-0B3CD0EE04BD}.Release|Any CPU.Build.0 = Release|Any CPU
	EndGlobalSection
	GlobalSection(SolutionProperties) = preSolution
		HideSolutionNode = FALSE
	EndGlobalSection
	GlobalSection(ExtensibilityGlobals) = postSolution
		SolutionGuid = {85E6AF46-1247-4231-84D8-147DF3A4D877}
	EndGlobalSection
EndGlobal
